
Microsoft Visual Studio Solution File, Format Version 12.00
Project("{FAE04EC0-301F-11D3-BF4B-00C04F79EFBC}") = "NgDesk", "NgDesk\NgDesk.csproj", "{7E07A9BD-19B6-455D-BEAD-35BADF84269B}"
EndProject
Project("{FAE04EC0-301F-11D3-BF4B-00C04F79EFBC}") = "NgDesk.Test", "NgDesk.Test\NgDesk.Test.csproj", "{974CB923-896E-4D29-A0C6-8E1D343E2C2C}"
EndProject
Project("{FAE04EC0-301F-11D3-BF4B-00C04F79EFBC}") = "Wpf", "Samples\Wpf\Wpf.csproj", "{28F1A9D5-C5E9-4AFD-9787-D3976BCFF85A}"
EndProject
Project("{2150E333-8FDC-42A3-9474-1A3956D46DE8}") = "Samples", "Samples", "{5129AA28-F879-4934-9DCE-0D184D5F5B39}"
EndProject
Global
	GlobalSection(SolutionConfigurationPlatforms) = preSolution
		Debug|Any CPU = Debug|Any CPU
		Release|Any CPU = Release|Any CPU
	EndGlobalSection
	GlobalSection(ProjectConfigurationPlatforms) = postSolution
		{7E07A9BD-19B6-455D-BEAD-35BADF84269B}.Debug|Any CPU.ActiveCfg = Debug|Any CPU
		{7E07A9BD-19B6-455D-BEAD-35BADF84269B}.Debug|Any CPU.Build.0 = Debug|Any CPU
		{7E07A9BD-19B6-455D-BEAD-35BADF84269B}.Release|Any CPU.ActiveCfg = Release|Any CPU
		{7E07A9BD-19B6-455D-BEAD-35BADF84269B}.Release|Any CPU.Build.0 = Release|Any CPU
		{974CB923-896E-4D29-A0C6-8E1D343E2C2C}.Debug|Any CPU.ActiveCfg = Debug|Any CPU
		{974CB923-896E-4D29-A0C6-8E1D343E2C2C}.Debug|Any CPU.Build.0 = Debug|Any CPU
		{974CB923-896E-4D29-A0C6-8E1D343E2C2C}.Release|Any CPU.ActiveCfg = Release|Any CPU
		{974CB923-896E-4D29-A0C6-8E1D343E2C2C}.Release|Any CPU.Build.0 = Release|Any CPU
		{28F1A9D5-C5E9-4AFD-9787-D3976BCFF85A}.Debug|Any CPU.ActiveCfg = Debug|Any CPU
		{28F1A9D5-C5E9-4AFD-9787-D3976BCFF85A}.Debug|Any CPU.Build.0 = Debug|Any CPU
		{28F1A9D5-C5E9-4AFD-9787-D3976BCFF85A}.Release|Any CPU.ActiveCfg = Release|Any CPU
		{28F1A9D5-C5E9-4AFD-9787-D3976BCFF85A}.Release|Any CPU.Build.0 = Release|Any CPU
	EndGlobalSection
	GlobalSection(NestedProjects) = preSolution
		{28F1A9D5-C5E9-4AFD-9787-D3976BCFF85A} = {5129AA28-F879-4934-9DCE-0D184D5F5B39}
	EndGlobalSection
EndGlobal
